
Microsoft Visual Studio Solution File, Format Version 12.00
# Visual Studio Version 17
VisualStudioVersion = 17.3.32929.385
MinimumVisualStudioVersion = 10.0.40219.1
Project("{FAE04EC0-301F-11D3-BF4B-00C04F79EFBC}") = "WebMiCamioncito", "WebMiCamioncito\WebMiCamioncito.csproj", "{AD4FE5D6-FD10-44C2-A224-7FF43C18C60A}"
EndProject
Global
	GlobalSection(SolutionConfigurationPlatforms) = preSolution
		Debug|Any CPU = Debug|Any CPU
		Release|Any CPU = Release|Any CPU
	EndGlobalSection
	GlobalSection(ProjectConfigurationPlatforms) = postSolution
		{AD4FE5D6-FD10-44C2-A224-7FF43C18C60A}.Debug|Any CPU.ActiveCfg = Debug|Any CPU
		{AD4FE5D6-FD10-44C2-A224-7FF43C18C60A}.Debug|Any CPU.Build.0 = Debug|Any CPU
		{AD4FE5D6-FD10-44C2-A224-7FF43C18C60A}.Release|Any CPU.ActiveCfg = Release|Any CPU
		{AD4FE5D6-FD10-44C2-A224-7FF43C18C60A}.Release|Any CPU.Build.0 = Release|Any CPU
	EndGlobalSection
	GlobalSection(SolutionProperties) = preSolution
		HideSolutionNode = FALSE
	EndGlobalSection
	GlobalSection(ExtensibilityGlobals) = postSolution
		SolutionGuid = {4FE42F14-9ECC-4E8E-BEA2-9C6379266C2A}
	EndGlobalSection
EndGlobal
